
Microsoft Visual Studio Solution File, Format Version 12.00
# Visual Studio Version 17
VisualStudioVersion = 17.10.35027.167
MinimumVisualStudioVersion = 10.0.40219.1
Project("{FAE04EC0-301F-11D3-BF4B-00C04F79EFBC}") = "Hesap_makinesi1", "Hesap_makinesi1\Hesap_makinesi1.csproj", "{58F4456D-3B09-45BC-935F-1923DD3E5CFA}"
EndProject
Global
	GlobalSection(SolutionConfigurationPlatforms) = preSolution
		Debug|Any CPU = Debug|Any CPU
		Release|Any CPU = Release|Any CPU
	EndGlobalSection
	GlobalSection(ProjectConfigurationPlatforms) = postSolution
		{58F4456D-3B09-45BC-935F-1923DD3E5CFA}.Debug|Any CPU.ActiveCfg = Debug|Any CPU
		{58F4456D-3B09-45BC-935F-1923DD3E5CFA}.Debug|Any CPU.Build.0 = Debug|Any CPU
		{58F4456D-3B09-45BC-935F-1923DD3E5CFA}.Release|Any CPU.ActiveCfg = Release|Any CPU
		{58F4456D-3B09-45BC-935F-1923DD3E5CFA}.Release|Any CPU.Build.0 = Release|Any CPU
	EndGlobalSection
	GlobalSection(SolutionProperties) = preSolution
		HideSolutionNode = FALSE
	EndGlobalSection
	GlobalSection(ExtensibilityGlobals) = postSolution
		SolutionGuid = {764B5E1B-C5E1-4ADE-843C-D7A43E199B04}
	EndGlobalSection
EndGlobal
